
Microsoft Visual Studio Solution File, Format Version 12.00
# Visual Studio Version 16
VisualStudioVersion = 16.0.30804.86
MinimumVisualStudioVersion = 10.0.40219.1
Project("{2150E333-8FDC-42A3-9474-1A3956D46DE8}") = "Class projects", "Class projects", "{F2271533-8A73-45D1-B731-FE227E7D4EB2}"
EndProject
Project("{778DAE3C-4631-46EA-AA77-85C1314464D9}") = "NorthWindCoreLibrary_vb", "NorthWindCoreLibrary\NorthWindCoreLibrary_vb.vbproj", "{AEB63A4E-EA0E-4AF0-863F-9875FE1EF461}"
EndProject
Project("{2150E333-8FDC-42A3-9474-1A3956D46DE8}") = "Test projects", "Test projects", "{C6C30F8B-4D76-428C-AACB-8776A40E015E}"
EndProject
Project("{778DAE3C-4631-46EA-AA77-85C1314464D9}") = "NorthWindVisualBasicCore", "NorthWindCoreUnitTest\NorthWindVisualBasicCore.vbproj", "{77EE155E-1209-427F-ABF3-3FBB9C055F61}"
EndProject
Project("{2150E333-8FDC-42A3-9474-1A3956D46DE8}") = "Solution Items", "Solution Items", "{4A79DFE6-1CE0-479D-81B7-D1F51AB2452B}"
	ProjectSection(SolutionItems) = preProject
		readme.md = readme.md
	EndProjectSection
EndProject
Project("{778DAE3C-4631-46EA-AA77-85C1314464D9}") = "WinFormValidationLibrary", "WinFormValidationLibrary\WinFormValidationLibrary.vbproj", "{FE5FBF9C-15DD-4CC6-92A0-E2D5F5413FA6}"
EndProject
Global
	GlobalSection(SolutionConfigurationPlatforms) = preSolution
		Debug|Any CPU = Debug|Any CPU
		Release|Any CPU = Release|Any CPU
	EndGlobalSection
	GlobalSection(ProjectConfigurationPlatforms) = postSolution
		{AEB63A4E-EA0E-4AF0-863F-9875FE1EF461}.Debug|Any CPU.ActiveCfg = Debug|Any CPU
		{AEB63A4E-EA0E-4AF0-863F-9875FE1EF461}.Debug|Any CPU.Build.0 = Debug|Any CPU
		{AEB63A4E-EA0E-4AF0-863F-9875FE1EF461}.Release|Any CPU.ActiveCfg = Release|Any CPU
		{AEB63A4E-EA0E-4AF0-863F-9875FE1EF461}.Release|Any CPU.Build.0 = Release|Any CPU
		{77EE155E-1209-427F-ABF3-3FBB9C055F61}.Debug|Any CPU.ActiveCfg = Debug|Any CPU
		{77EE155E-1209-427F-ABF3-3FBB9C055F61}.Debug|Any CPU.Build.0 = Debug|Any CPU
		{77EE155E-1209-427F-ABF3-3FBB9C055F61}.Release|Any CPU.ActiveCfg = Release|Any CPU
		{77EE155E-1209-427F-ABF3-3FBB9C055F61}.Release|Any CPU.Build.0 = Release|Any CPU
		{FE5FBF9C-15DD-4CC6-92A0-E2D5F5413FA6}.Debug|Any CPU.ActiveCfg = Debug|Any CPU
		{FE5FBF9C-15DD-4CC6-92A0-E2D5F5413FA6}.Debug|Any CPU.Build.0 = Debug|Any CPU
		{FE5FBF9C-15DD-4CC6-92A0-E2D5F5413FA6}.Release|Any CPU.ActiveCfg = Release|Any CPU
		{FE5FBF9C-15DD-4CC6-92A0-E2D5F5413FA6}.Release|Any CPU.Build.0 = Release|Any CPU
	EndGlobalSection
	GlobalSection(SolutionProperties) = preSolution
		HideSolutionNode = FALSE
	EndGlobalSection
	GlobalSection(NestedProjects) = preSolution
		{AEB63A4E-EA0E-4AF0-863F-9875FE1EF461} = {F2271533-8A73-45D1-B731-FE227E7D4EB2}
		{77EE155E-1209-427F-ABF3-3FBB9C055F61} = {C6C30F8B-4D76-428C-AACB-8776A40E015E}
		{FE5FBF9C-15DD-4CC6-92A0-E2D5F5413FA6} = {F2271533-8A73-45D1-B731-FE227E7D4EB2}
	EndGlobalSection
	GlobalSection(ExtensibilityGlobals) = postSolution
		SolutionGuid = {3ECDCC09-99DA-47C1-A254-684538748EEE}
	EndGlobalSection
EndGlobal
